
Microsoft Visual Studio Solution File, Format Version 12.00
# Visual Studio Version 17
VisualStudioVersion = 17.5.002.0
MinimumVisualStudioVersion = 10.0.40219.1
Project("{9A19103F-16F7-4668-BE54-9A1E7A4F7556}") = "ClassesExercises", "ClassesExercises.csproj", "{BD44D451-7A95-46F6-8297-F2FDF2E9E291}"
EndProject
Global
	GlobalSection(SolutionConfigurationPlatforms) = preSolution
		Debug|Any CPU = Debug|Any CPU
		Release|Any CPU = Release|Any CPU
	EndGlobalSection
	GlobalSection(ProjectConfigurationPlatforms) = postSolution
		{BD44D451-7A95-46F6-8297-F2FDF2E9E291}.Debug|Any CPU.ActiveCfg = Debug|Any CPU
		{BD44D451-7A95-46F6-8297-F2FDF2E9E291}.Debug|Any CPU.Build.0 = Debug|Any CPU
		{BD44D451-7A95-46F6-8297-F2FDF2E9E291}.Release|Any CPU.ActiveCfg = Release|Any CPU
		{BD44D451-7A95-46F6-8297-F2FDF2E9E291}.Release|Any CPU.Build.0 = Release|Any CPU
	EndGlobalSection
	GlobalSection(SolutionProperties) = preSolution
		HideSolutionNode = FALSE
	EndGlobalSection
	GlobalSection(ExtensibilityGlobals) = postSolution
		SolutionGuid = {28B7D898-C38D-4C18-979C-0D37DBC923C7}
	EndGlobalSection
EndGlobal
